
Microsoft Visual Studio Solution File, Format Version 12.00
Project("{FAE04EC0-301F-11D3-BF4B-00C04F79EFBC}") = "BlockProject2", "BlockProject2\BlockProject2.csproj", "{566DBC2F-32C8-4224-B4DC-0CB83C041236}"
EndProject
Global
	GlobalSection(SolutionConfigurationPlatforms) = preSolution
		Debug|Any CPU = Debug|Any CPU
		Release|Any CPU = Release|Any CPU
	EndGlobalSection
	GlobalSection(ProjectConfigurationPlatforms) = postSolution
		{566DBC2F-32C8-4224-B4DC-0CB83C041236}.Debug|Any CPU.ActiveCfg = Debug|Any CPU
		{566DBC2F-32C8-4224-B4DC-0CB83C041236}.Debug|Any CPU.Build.0 = Debug|Any CPU
		{566DBC2F-32C8-4224-B4DC-0CB83C041236}.Release|Any CPU.ActiveCfg = Release|Any CPU
		{566DBC2F-32C8-4224-B4DC-0CB83C041236}.Release|Any CPU.Build.0 = Release|Any CPU
	EndGlobalSection
EndGlobal
